
Microsoft Visual Studio Solution File, Format Version 12.00
# Visual Studio Version 17
VisualStudioVersion = 17.2.32526.322
MinimumVisualStudioVersion = 10.0.40219.1
Project("{FAE04EC0-301F-11D3-BF4B-00C04F79EFBC}") = "CSharp_Day01_BankApp", "CSharp_Day01_BankApp\CSharp_Day01_BankApp.csproj", "{2C3179A5-18D2-45C8-97D1-CAF8C5595C58}"
EndProject
Global
	GlobalSection(SolutionConfigurationPlatforms) = preSolution
		Debug|Any CPU = Debug|Any CPU
		Release|Any CPU = Release|Any CPU
	EndGlobalSection
	GlobalSection(ProjectConfigurationPlatforms) = postSolution
		{2C3179A5-18D2-45C8-97D1-CAF8C5595C58}.Debug|Any CPU.ActiveCfg = Debug|Any CPU
		{2C3179A5-18D2-45C8-97D1-CAF8C5595C58}.Debug|Any CPU.Build.0 = Debug|Any CPU
		{2C3179A5-18D2-45C8-97D1-CAF8C5595C58}.Release|Any CPU.ActiveCfg = Release|Any CPU
		{2C3179A5-18D2-45C8-97D1-CAF8C5595C58}.Release|Any CPU.Build.0 = Release|Any CPU
	EndGlobalSection
	GlobalSection(SolutionProperties) = preSolution
		HideSolutionNode = FALSE
	EndGlobalSection
	GlobalSection(ExtensibilityGlobals) = postSolution
		SolutionGuid = {3ABD9915-BF9A-4AAE-9201-7198A68A6A91}
	EndGlobalSection
EndGlobal
